{
  "name": "apiworker",
  "version": "1.0.0",
  "lockfileVersion": 2,
  "requires": true,
  "packages": {
    "": {
      "name": "apiworker",
      "version": "1.0.0",
      "license": "ISC",
      "dependencies": {
        "@cloudflare/workers-types": "^4.20221111.1",
        "fast-xml-parser": "^4.0.13",
        "itty-router": "^3.0.11"
      }
    },
    "node_modules/@cloudflare/workers-types": {
      "version": "4.20221111.1",
      "resolved": "https://registry.npmjs.org/@cloudflare/workers-types/-/workers-types-4.20221111.1.tgz",
      "integrity": "sha512-BNV2wN8V6Zduvo7UzxcdjBbLQ906D2KhS804PDufLgx/sanGJCHVJMOIaLvS/b61JKtot1U7P/l1fjrjZ7/E3A=="
    },
    "node_modules/fast-xml-parser": {
      "version": "4.0.13",
      "resolved": "https://registry.npmjs.org/fast-xml-parser/-/fast-xml-parser-4.0.13.tgz",
      "integrity": "sha512-g+OboAw8ol1FgTHhKLR7ZHcItNudceiY04BBrvqa0JBWoPhi/+e5r4H5AeW+EsQCroJLJwsuOP3dD3c6cc5uOg==",
      "dependencies": {
        "strnum": "^1.0.5"
      },
      "bin": {
        "fxparser": "src/cli/cli.js"
      },
      "funding": {
        "type": "paypal",
        "url": "https://paypal.me/naturalintelligence"
      }
    },
    "node_modules/itty-router": {
      "version": "3.0.11",
      "resolved": "https://registry.npmjs.org/itty-router/-/itty-router-3.0.11.tgz",
      "integrity": "sha512-vWsoHBi2CmU15YzyUeHjRfjdySL2jqZQKA9jP1LXkBcLJAo0KQNVlQMvhtzG0mzABhVYifeBF97UkrrpuTCWYQ=="
    },
    "node_modules/strnum": {
      "version": "1.0.5",
      "resolved": "https://registry.npmjs.org/strnum/-/strnum-1.0.5.tgz",
      "integrity": "sha512-J8bbNyKKXl5qYcR36TIO8W3mVGVHrmmxsd5PAItGkmyzwJvybiw2IVq5nqd0i4LSNSkB/sx9VHllbfFdr9k1JA=="
    }
  },
  "dependencies": {
    "@cloudflare/workers-types": {
      "version": "4.20221111.1",
      "resolved": "https://registry.npmjs.org/@cloudflare/workers-types/-/workers-types-4.20221111.1.tgz",
      "integrity": "sha512-BNV2wN8V6Zduvo7UzxcdjBbLQ906D2KhS804PDufLgx/sanGJCHVJMOIaLvS/b61JKtot1U7P/l1fjrjZ7/E3A=="
    },
    "fast-xml-parser": {
      "version": "4.0.13",
      "resolved": "https://registry.npmjs.org/fast-xml-parser/-/fast-xml-parser-4.0.13.tgz",
      "integrity": "sha512-g+OboAw8ol1FgTHhKLR7ZHcItNudceiY04BBrvqa0JBWoPhi/+e5r4H5AeW+EsQCroJLJwsuOP3dD3c6cc5uOg==",
      "requires": {
        "strnum": "^1.0.5"
      }
    },
    "itty-router": {
      "version": "3.0.11",
      "resolved": "https://registry.npmjs.org/itty-router/-/itty-router-3.0.11.tgz",
      "integrity": "sha512-vWsoHBi2CmU15YzyUeHjRfjdySL2jqZQKA9jP1LXkBcLJAo0KQNVlQMvhtzG0mzABhVYifeBF97UkrrpuTCWYQ=="
    },
    "strnum": {
      "version": "1.0.5",
      "resolved": "https://registry.npmjs.org/strnum/-/strnum-1.0.5.tgz",
      "integrity": "sha512-J8bbNyKKXl5qYcR36TIO8W3mVGVHrmmxsd5PAItGkmyzwJvybiw2IVq5nqd0i4LSNSkB/sx9VHllbfFdr9k1JA=="
    }
  }
}
