{
  "name": "apiworker",
  "version": "1.0.0",
  "lockfileVersion": 2,
  "requires": true,
  "packages": {
    "": {
      "name": "apiworker",
      "version": "1.0.0",
      "license": "ISC",
      "dependencies": {
        "itty-router": "^3.0.11"
      }
    },
    "node_modules/itty-router": {
      "version": "3.0.11",
      "resolved": "https://registry.npmjs.org/itty-router/-/itty-router-3.0.11.tgz",
      "integrity": "sha512-vWsoHBi2CmU15YzyUeHjRfjdySL2jqZQKA9jP1LXkBcLJAo0KQNVlQMvhtzG0mzABhVYifeBF97UkrrpuTCWYQ=="
    }
  },
  "dependencies": {
    "itty-router": {
      "version": "3.0.11",
      "resolved": "https://registry.npmjs.org/itty-router/-/itty-router-3.0.11.tgz",
      "integrity": "sha512-vWsoHBi2CmU15YzyUeHjRfjdySL2jqZQKA9jP1LXkBcLJAo0KQNVlQMvhtzG0mzABhVYifeBF97UkrrpuTCWYQ=="
    }
  }
}
